{
  "name": "jupytermind",
  "version": "0.4.1",
  "lockfileVersion": 3,
  "requires": true,
  "packages": {
    "": {
      "name": "jupytermind",
      "version": "0.4.1",
      "license": "MIT",
      "os": [
        "linux",
        "darwin",
        "win32"
      ],
      "bin": {
        "ai-data-scientist": "bin/ai-data-scientist.js",
        "jupytermind": "bin/ai-data-scientist.js"
      },
      "engines": {
        "node": ">=18"
      }
    }
  }
}
